<?xml version="1.0" encoding="utf-8"?>
<Project ToolsVersion="17.0" xmlns="http://schemas.microsoft.com/developer/msbuild/2003">
  <ItemGroup>
    <ClCompile Include="C:\Users\filefilza\Desktop\prioj\backend\main.cpp">
      <Filter>Source Files</Filter>
    </ClCompile>
    <ClCompile Include="C:\Users\filefilza\Desktop\prioj\backend\tweaks_utils.cpp">
      <Filter>Source Files</Filter>
    </ClCompile>
    <ClCompile Include="C:\Users\filefilza\Desktop\prioj\backend\tweaks_missing.cpp">
      <Filter>Source Files</Filter>
    </ClCompile>
  </ItemGroup>
  <ItemGroup>
    <CustomBuild Include="C:\Users\filefilza\Desktop\prioj\backend\CMakeLists.txt" />
  </ItemGroup>
  <ItemGroup>
    <Filter Include="Source Files">
      <UniqueIdentifier>{175FE4AF-AEA6-39F9-99B7-1D26A63040A4}</UniqueIdentifier>
    </Filter>
  </ItemGroup>
</Project>
